{
  "name": "begin-app-get-index",
  "requires": true,
  "lockfileVersion": 1,
  "dependencies": {
    "@architect/functions": {
      "version": "3.0.1",
      "resolved": "https://registry.npmjs.org/@architect/functions/-/functions-3.0.1.tgz",
      "integrity": "sha512-R6cqLP/FnaVcwurMdkHC3cAXGddaV3RMV8XMMFLI2TcMDeX3+pyQrwNTOcbvxHxXqFz4RgeZNfybBAVLHuwTNQ==",
      "requires": {
        "@architect/parser": "^1.1.6",
        "cookie": "^0.3.1",
        "cookie-signature": "^1.1.0",
        "csrf": "^3.0.6",
        "mime-types": "^2.1.22",
        "node-webtokens": "^1.0.0",
        "run-parallel": "^1.1.9",
        "run-waterfall": "^1.1.6",
        "uid-safe": "^2.1.5"
      }
    },
    "@architect/parser": {
      "version": "1.1.6",
      "resolved": "https://registry.npmjs.org/@architect/parser/-/parser-1.1.6.tgz",
      "integrity": "sha512-xBu7s17FV9UQGNjUrNY6EObwJMdgV00NIPBJIJ11OVVyeDhcU5HaXSkllx91+oJQ4GvhUkguIJr6hz6saLrVRQ=="
    },
    "@begin/data": {
      "version": "1.1.1",
      "resolved": "https://registry.npmjs.org/@begin/data/-/data-1.1.1.tgz",
      "integrity": "sha512-8ZEvohRxMKYI1DsdlaURWzDbjf+nzZAJmBvyGt5Qlp88g6EPxX6kvId8+gd8xsd9pPGGvkqpA47y3yWfptsBfw==",
      "requires": {
        "@architect/parser": "^1.1.6",
        "hashids": "^1.2.2",
        "run-parallel": "^1.1.9",
        "run-waterfall": "^1.1.6"
      }
    },
    "cookie": {
      "version": "0.3.1",
      "resolved": "https://registry.npmjs.org/cookie/-/cookie-0.3.1.tgz",
      "integrity": "sha1-5+Ch+e9DtMi6klxcWpboBtFoc7s="
    },
    "cookie-signature": {
      "version": "1.1.0",
      "resolved": "https://registry.npmjs.org/cookie-signature/-/cookie-signature-1.1.0.tgz",
      "integrity": "sha512-Alvs19Vgq07eunykd3Xy2jF0/qSNv2u7KDbAek9H5liV1UMijbqFs5cycZvv5dVsvseT/U4H8/7/w8Koh35C4A=="
    },
    "csrf": {
      "version": "3.0.6",
      "resolved": "https://registry.npmjs.org/csrf/-/csrf-3.0.6.tgz",
      "integrity": "sha1-thEg3c7q/JHnbtUxO7XAsmZ7cQo=",
      "requires": {
        "rndm": "1.2.0",
        "tsscmp": "1.0.5",
        "uid-safe": "2.1.4"
      },
      "dependencies": {
        "uid-safe": {
          "version": "2.1.4",
          "resolved": "https://registry.npmjs.org/uid-safe/-/uid-safe-2.1.4.tgz",
          "integrity": "sha1-Otbzg2jG1MjHXsF2I/t5qh0HHYE=",
          "requires": {
            "random-bytes": "~1.0.0"
          }
        }
      }
    },
    "hashids": {
      "version": "1.2.2",
      "resolved": "https://registry.npmjs.org/hashids/-/hashids-1.2.2.tgz",
      "integrity": "sha512-dEHCG2LraR6PNvSGxosZHIRgxF5sNLOIBFEHbj8lfP9WWmu/PWPMzsip1drdVSOFi51N2pU7gZavrgn7sbGFuw=="
    },
    "mime-db": {
      "version": "1.38.0",
      "resolved": "https://registry.npmjs.org/mime-db/-/mime-db-1.38.0.tgz",
      "integrity": "sha512-bqVioMFFzc2awcdJZIzR3HjZFX20QhilVS7hytkKrv7xFAn8bM1gzc/FOX2awLISvWe0PV8ptFKcon+wZ5qYkg=="
    },
    "mime-types": {
      "version": "2.1.22",
      "resolved": "https://registry.npmjs.org/mime-types/-/mime-types-2.1.22.tgz",
      "integrity": "sha512-aGl6TZGnhm/li6F7yx82bJiBZwgiEa4Hf6CNr8YO+r5UHr53tSTYZb102zyU50DOWWKeOv0uQLRL0/9EiKWCog==",
      "requires": {
        "mime-db": "~1.38.0"
      }
    },
    "node-webtokens": {
      "version": "1.0.0",
      "resolved": "https://registry.npmjs.org/node-webtokens/-/node-webtokens-1.0.0.tgz",
      "integrity": "sha512-gxnupMQ4UKs2mU5FYg95XAiKxtAwDWDDJAF6BkyvvpHfb1E8MLIfqyGhEWs2ytzH4vogoou7LZ2hd0d+NWk88A=="
    },
    "random-bytes": {
      "version": "1.0.0",
      "resolved": "https://registry.npmjs.org/random-bytes/-/random-bytes-1.0.0.tgz",
      "integrity": "sha1-T2ih3Arli9P7lYSMMDJNt11kNgs="
    },
    "rndm": {
      "version": "1.2.0",
      "resolved": "https://registry.npmjs.org/rndm/-/rndm-1.2.0.tgz",
      "integrity": "sha1-8z/pz7Urv9UgqhgyO8ZdsRCht2w="
    },
    "run-parallel": {
      "version": "1.1.9",
      "resolved": "https://registry.npmjs.org/run-parallel/-/run-parallel-1.1.9.tgz",
      "integrity": "sha512-DEqnSRTDw/Tc3FXf49zedI638Z9onwUotBMiUFKmrO2sdFKIbXamXGQ3Axd4qgphxKB4kw/qP1w5kTxnfU1B9Q=="
    },
    "run-waterfall": {
      "version": "1.1.6",
      "resolved": "https://registry.npmjs.org/run-waterfall/-/run-waterfall-1.1.6.tgz",
      "integrity": "sha512-dApPbpIK0hbFi2zqfJxrsnfmJW2HCQHFrSsmqF3Fp9TKm5WVf++zE6BSw0hPcA7rPapO37h12Swk2E6Va3tF7Q=="
    },
    "tsscmp": {
      "version": "1.0.5",
      "resolved": "https://registry.npmjs.org/tsscmp/-/tsscmp-1.0.5.tgz",
      "integrity": "sha1-fcSjOvcVgatDN9qR2FylQn69mpc="
    },
    "uid-safe": {
      "version": "2.1.5",
      "resolved": "https://registry.npmjs.org/uid-safe/-/uid-safe-2.1.5.tgz",
      "integrity": "sha512-KPHm4VL5dDXKz01UuEd88Df+KzynaohSL9fBh096KWAxSKZQDI2uBrVqtvRM4rwrIrRRKsdLNML/lnaaVSRioA==",
      "requires": {
        "random-bytes": "~1.0.0"
      }
    }
  }
}
