{
  "requires": true,
  "lockfileVersion": 1,
  "dependencies": {
    "@architect/parser": {
      "version": "1.2.0",
      "resolved": "https://registry.npmjs.org/@architect/parser/-/parser-1.2.0.tgz",
      "integrity": "sha512-UC4FSwNdU25NLtVhadTNKeb9eRtf18OCOMX+tmktbPAGwLpmt33TXCPTETf83sqMmBRSDBY0eCapgglJwbw1KQ=="
    },
    "@begin/data": {
      "version": "1.1.4",
      "resolved": "https://registry.npmjs.org/@begin/data/-/data-1.1.4.tgz",
      "integrity": "sha512-srUt6HFxancYgdZiolm7YIl3Hw7DqxxKHScFAb+eKQib5DxH70kXp2qtR/kPVtC4uZHWvPu7auCtIphzqqqUsg==",
      "requires": {
        "@architect/parser": "^1.2.0",
        "hashids": "^1.2.2",
        "run-parallel": "^1.1.9",
        "run-waterfall": "^1.1.6"
      }
    },
    "hashids": {
      "version": "1.2.2",
      "resolved": "https://registry.npmjs.org/hashids/-/hashids-1.2.2.tgz",
      "integrity": "sha512-dEHCG2LraR6PNvSGxosZHIRgxF5sNLOIBFEHbj8lfP9WWmu/PWPMzsip1drdVSOFi51N2pU7gZavrgn7sbGFuw=="
    },
    "run-parallel": {
      "version": "1.1.9",
      "resolved": "https://registry.npmjs.org/run-parallel/-/run-parallel-1.1.9.tgz",
      "integrity": "sha512-DEqnSRTDw/Tc3FXf49zedI638Z9onwUotBMiUFKmrO2sdFKIbXamXGQ3Axd4qgphxKB4kw/qP1w5kTxnfU1B9Q=="
    },
    "run-waterfall": {
      "version": "1.1.6",
      "resolved": "https://registry.npmjs.org/run-waterfall/-/run-waterfall-1.1.6.tgz",
      "integrity": "sha512-dApPbpIK0hbFi2zqfJxrsnfmJW2HCQHFrSsmqF3Fp9TKm5WVf++zE6BSw0hPcA7rPapO37h12Swk2E6Va3tF7Q=="
    },
    "tiny-json-http": {
      "version": "7.1.2",
      "resolved": "https://registry.npmjs.org/tiny-json-http/-/tiny-json-http-7.1.2.tgz",
      "integrity": "sha512-XB9Bu+ohdQso6ziPFNVqK+pcTt0l8BSRkW/CCBq0pUVlLxcYDsorpo7ae5yPhu2CF1xYgJuKVLF7cfOGeLCTlA=="
    }
  }
}
